
Microsoft Visual Studio Solution File, Format Version 12.00
# Visual Studio 15
VisualStudioVersion = 15.0.27428.2027
MinimumVisualStudioVersion = 10.0.40219.1
Project("{FAE04EC0-301F-11D3-BF4B-00C04F79EFBC}") = "CBACodeTest", "CBACodeTest\CBACodeTest.csproj", "{BDB1FD31-35E2-4A36-9E7C-26356832291E}"
EndProject
Global
	GlobalSection(SolutionConfigurationPlatforms) = preSolution
		Debug|Any CPU = Debug|Any CPU
		Release|Any CPU = Release|Any CPU
	EndGlobalSection
	GlobalSection(ProjectConfigurationPlatforms) = postSolution
		{BDB1FD31-35E2-4A36-9E7C-26356832291E}.Debug|Any CPU.ActiveCfg = Debug|Any CPU
		{BDB1FD31-35E2-4A36-9E7C-26356832291E}.Debug|Any CPU.Build.0 = Debug|Any CPU
		{BDB1FD31-35E2-4A36-9E7C-26356832291E}.Release|Any CPU.ActiveCfg = Release|Any CPU
		{BDB1FD31-35E2-4A36-9E7C-26356832291E}.Release|Any CPU.Build.0 = Release|Any CPU
	EndGlobalSection
	GlobalSection(SolutionProperties) = preSolution
		HideSolutionNode = FALSE
	EndGlobalSection
	GlobalSection(ExtensibilityGlobals) = postSolution
		SolutionGuid = {57BFD29F-F57B-40BD-AB19-0F7DBED9D0BE}
	EndGlobalSection
EndGlobal
